
Microsoft Visual Studio Solution File, Format Version 12.00
# Visual Studio Version 16
VisualStudioVersion = 16.0.29609.76
MinimumVisualStudioVersion = 10.0.40219.1
Project("{9A19103F-16F7-4668-BE54-9A1E7A4F7556}") = "GoogazonFunctions", "GoogazonFunctions\GoogazonFunctions.csproj", "{7632D899-017E-4628-8725-B37946E85652}"
EndProject
Project("{9A19103F-16F7-4668-BE54-9A1E7A4F7556}") = "NeedFulfillmentFunctions", "NeedFulfillmentFunctions\NeedFulfillmentFunctions.csproj", "{36A5408C-2401-4244-81A9-6A6D7A7EF5E5}"
EndProject
Project("{9A19103F-16F7-4668-BE54-9A1E7A4F7556}") = "NeedFulfillmentActivities.Unit.Tests", "NeedFulfillmentActivities.Unit.Tests\NeedFulfillmentActivities.Unit.Tests.csproj", "{BBC64903-8B81-4895-992F-7C7B596362C7}"
EndProject
Project("{9A19103F-16F7-4668-BE54-9A1E7A4F7556}") = "GoogazonActivities.Unit.Tests", "GoogazonActivities.Unit.Tests\GoogazonActivities.Unit.Tests.csproj", "{75C7AC55-58AD-4EE0-82CF-AC171DC42C8B}"
EndProject
Project("{9A19103F-16F7-4668-BE54-9A1E7A4F7556}") = "Googazon.Library", "Googazon.Library\Googazon.Library.csproj", "{2EF47915-BC51-4DE6-BE57-6772F063DFA9}"
EndProject
Project("{9A19103F-16F7-4668-BE54-9A1E7A4F7556}") = "Googazon.Library.Unit.Tests", "Googazon.Library.Unit.Tests\Googazon.Library.Unit.Tests.csproj", "{4E26DF4D-11D9-4EF2-9F31-42436E313B21}"
EndProject
Project("{9A19103F-16F7-4668-BE54-9A1E7A4F7556}") = "TestConveniences", "TestConveniences\TestConveniences.csproj", "{EE57A733-90A0-4586-BBB6-B9FB24C52D3C}"
EndProject
Project("{9A19103F-16F7-4668-BE54-9A1E7A4F7556}") = "GoogazonActivities", "GoogazonActivities\GoogazonActivities.csproj", "{32061F2E-E828-4333-8118-13403F60F5AF}"
EndProject
Project("{9A19103F-16F7-4668-BE54-9A1E7A4F7556}") = "NeedFulfillmentActivities", "NeedFulfillmentActivities\NeedFulfillmentActivities.csproj", "{2B0C35B2-9ABF-406D-B74B-21E79108C148}"
EndProject
Project("{FAE04EC0-301F-11D3-BF4B-00C04F79EFBC}") = "GoogazonClient", "GoogazonClient\GoogazonClient.csproj", "{96AF85B1-CBC7-446E-A5B5-6036EBA60CAF}"
EndProject
Global
	GlobalSection(SolutionConfigurationPlatforms) = preSolution
		Debug|Any CPU = Debug|Any CPU
		Release|Any CPU = Release|Any CPU
	EndGlobalSection
	GlobalSection(ProjectConfigurationPlatforms) = postSolution
		{7632D899-017E-4628-8725-B37946E85652}.Debug|Any CPU.ActiveCfg = Debug|Any CPU
		{7632D899-017E-4628-8725-B37946E85652}.Debug|Any CPU.Build.0 = Debug|Any CPU
		{7632D899-017E-4628-8725-B37946E85652}.Release|Any CPU.ActiveCfg = Release|Any CPU
		{7632D899-017E-4628-8725-B37946E85652}.Release|Any CPU.Build.0 = Release|Any CPU
		{36A5408C-2401-4244-81A9-6A6D7A7EF5E5}.Debug|Any CPU.ActiveCfg = Debug|Any CPU
		{36A5408C-2401-4244-81A9-6A6D7A7EF5E5}.Debug|Any CPU.Build.0 = Debug|Any CPU
		{36A5408C-2401-4244-81A9-6A6D7A7EF5E5}.Release|Any CPU.ActiveCfg = Release|Any CPU
		{36A5408C-2401-4244-81A9-6A6D7A7EF5E5}.Release|Any CPU.Build.0 = Release|Any CPU
		{BBC64903-8B81-4895-992F-7C7B596362C7}.Debug|Any CPU.ActiveCfg = Debug|Any CPU
		{BBC64903-8B81-4895-992F-7C7B596362C7}.Debug|Any CPU.Build.0 = Debug|Any CPU
		{BBC64903-8B81-4895-992F-7C7B596362C7}.Release|Any CPU.ActiveCfg = Release|Any CPU
		{BBC64903-8B81-4895-992F-7C7B596362C7}.Release|Any CPU.Build.0 = Release|Any CPU
		{75C7AC55-58AD-4EE0-82CF-AC171DC42C8B}.Debug|Any CPU.ActiveCfg = Debug|Any CPU
		{75C7AC55-58AD-4EE0-82CF-AC171DC42C8B}.Debug|Any CPU.Build.0 = Debug|Any CPU
		{75C7AC55-58AD-4EE0-82CF-AC171DC42C8B}.Release|Any CPU.ActiveCfg = Release|Any CPU
		{75C7AC55-58AD-4EE0-82CF-AC171DC42C8B}.Release|Any CPU.Build.0 = Release|Any CPU
		{2EF47915-BC51-4DE6-BE57-6772F063DFA9}.Debug|Any CPU.ActiveCfg = Debug|Any CPU
		{2EF47915-BC51-4DE6-BE57-6772F063DFA9}.Debug|Any CPU.Build.0 = Debug|Any CPU
		{2EF47915-BC51-4DE6-BE57-6772F063DFA9}.Release|Any CPU.ActiveCfg = Release|Any CPU
		{2EF47915-BC51-4DE6-BE57-6772F063DFA9}.Release|Any CPU.Build.0 = Release|Any CPU
		{4E26DF4D-11D9-4EF2-9F31-42436E313B21}.Debug|Any CPU.ActiveCfg = Debug|Any CPU
		{4E26DF4D-11D9-4EF2-9F31-42436E313B21}.Debug|Any CPU.Build.0 = Debug|Any CPU
		{4E26DF4D-11D9-4EF2-9F31-42436E313B21}.Release|Any CPU.ActiveCfg = Release|Any CPU
		{4E26DF4D-11D9-4EF2-9F31-42436E313B21}.Release|Any CPU.Build.0 = Release|Any CPU
		{EE57A733-90A0-4586-BBB6-B9FB24C52D3C}.Debug|Any CPU.ActiveCfg = Debug|Any CPU
		{EE57A733-90A0-4586-BBB6-B9FB24C52D3C}.Debug|Any CPU.Build.0 = Debug|Any CPU
		{EE57A733-90A0-4586-BBB6-B9FB24C52D3C}.Release|Any CPU.ActiveCfg = Release|Any CPU
		{EE57A733-90A0-4586-BBB6-B9FB24C52D3C}.Release|Any CPU.Build.0 = Release|Any CPU
		{32061F2E-E828-4333-8118-13403F60F5AF}.Debug|Any CPU.ActiveCfg = Debug|Any CPU
		{32061F2E-E828-4333-8118-13403F60F5AF}.Debug|Any CPU.Build.0 = Debug|Any CPU
		{32061F2E-E828-4333-8118-13403F60F5AF}.Release|Any CPU.ActiveCfg = Release|Any CPU
		{32061F2E-E828-4333-8118-13403F60F5AF}.Release|Any CPU.Build.0 = Release|Any CPU
		{2B0C35B2-9ABF-406D-B74B-21E79108C148}.Debug|Any CPU.ActiveCfg = Debug|Any CPU
		{2B0C35B2-9ABF-406D-B74B-21E79108C148}.Debug|Any CPU.Build.0 = Debug|Any CPU
		{2B0C35B2-9ABF-406D-B74B-21E79108C148}.Release|Any CPU.ActiveCfg = Release|Any CPU
		{2B0C35B2-9ABF-406D-B74B-21E79108C148}.Release|Any CPU.Build.0 = Release|Any CPU
		{96AF85B1-CBC7-446E-A5B5-6036EBA60CAF}.Debug|Any CPU.ActiveCfg = Debug|Any CPU
		{96AF85B1-CBC7-446E-A5B5-6036EBA60CAF}.Debug|Any CPU.Build.0 = Debug|Any CPU
		{96AF85B1-CBC7-446E-A5B5-6036EBA60CAF}.Release|Any CPU.ActiveCfg = Release|Any CPU
		{96AF85B1-CBC7-446E-A5B5-6036EBA60CAF}.Release|Any CPU.Build.0 = Release|Any CPU
	EndGlobalSection
	GlobalSection(SolutionProperties) = preSolution
		HideSolutionNode = FALSE
	EndGlobalSection
	GlobalSection(ExtensibilityGlobals) = postSolution
		SolutionGuid = {348FFBCE-DFBF-4255-9073-6D926AA6642B}
	EndGlobalSection
EndGlobal
